
Microsoft Visual Studio Solution File, Format Version 12.00
Project("{FAE04EC0-301F-11D3-BF4B-00C04F79EFBC}") = "api", "api\api.csproj", "{0875D1E6-E780-4E29-8A90-1815F9F83084}"
EndProject
Global
	GlobalSection(SolutionConfigurationPlatforms) = preSolution
		Debug|Any CPU = Debug|Any CPU
		Release|Any CPU = Release|Any CPU
	EndGlobalSection
	GlobalSection(ProjectConfigurationPlatforms) = postSolution
		{0875D1E6-E780-4E29-8A90-1815F9F83084}.Debug|Any CPU.ActiveCfg = Debug|Any CPU
		{0875D1E6-E780-4E29-8A90-1815F9F83084}.Debug|Any CPU.Build.0 = Debug|Any CPU
		{0875D1E6-E780-4E29-8A90-1815F9F83084}.Release|Any CPU.ActiveCfg = Release|Any CPU
		{0875D1E6-E780-4E29-8A90-1815F9F83084}.Release|Any CPU.Build.0 = Release|Any CPU
	EndGlobalSection
EndGlobal
